// !$*UTF8*$!
{
	archiveVersion = 1;
	classes = {
	};
	objectVersion = 46;
	objects = {

/* Begin PBXBuildFile section */
		FE93A17E1C13DDB300A1BFE2 /* AppDelegate.swift in Sources */ = {isa = PBXBuildFile; fileRef = FE93A17D1C13DDB300A1BFE2 /* AppDelegate.swift */; };
		FE93A1801C13DDB300A1BFE2 /* GameScene.sks in Resources */ = {isa = PBXBuildFile; fileRef = FE93A17F1C13DDB300A1BFE2 /* GameScene.sks */; };
		FE93A1821C13DDB300A1BFE2 /* GameScene.swift in Sources */ = {isa = PBXBuildFile; fileRef = FE93A1811C13DDB300A1BFE2 /* GameScene.swift */; };
		FE93A1841C13DDB300A1BFE2 /* GameViewController.swift in Sources */ = {isa = PBXBuildFile; fileRef = FE93A1831C13DDB300A1BFE2 /* GameViewController.swift */; };
		FE93A1871C13DDB300A1BFE2 /* Main.storyboard in Resources */ = {isa = PBXBuildFile; fileRef = FE93A1851C13DDB300A1BFE2 /* Main.storyboard */; };
		FE93A1891C13DDB300A1BFE2 /* Assets.xcassets in Resources */ = {isa = PBXBuildFile; fileRef = FE93A1881C13DDB300A1BFE2 /* Assets.xcassets */; };
		FE93A18C1C13DDB300A1BFE2 /* LaunchScreen.storyboard in Resources */ = {isa = PBXBuildFile; fileRef = FE93A18A1C13DDB300A1BFE2 /* LaunchScreen.storyboard */; };
		FE93A1971C13DDB300A1BFE2 /* ZombieCongaTests.swift in Sources */ = {isa = PBXBuildFile; fileRef = FE93A1961C13DDB300A1BFE2 /* ZombieCongaTests.swift */; };
		FE93A1A21C13DDB300A1BFE2 /* ZombieCongaUITests.swift in Sources */ = {isa = PBXBuildFile; fileRef = FE93A1A11C13DDB300A1BFE2 /* ZombieCongaUITests.swift */; };
/* End PBXBuildFile section */

/* Begin PBXContainerItemProxy section */
		FE93A1931C13DDB300A1BFE2 /* PBXContainerItemProxy */ = {
			isa = PBXContainerItemProxy;
			containerPortal = FE93A1721C13DDB300A1BFE2 /* Project object */;
			proxyType = 1;
			remoteGlobalIDString = FE93A1791C13DDB300A1BFE2;
			remoteInfo = ZombieConga;
		};
		FE93A19E1C13DDB300A1BFE2 /* PBXContainerItemProxy */ = {
			isa = PBXContainerItemProxy;
			containerPortal = FE93A1721C13DDB300A1BFE2 /* Project object */;
			proxyType = 1;
			remoteGlobalIDString = FE93A1791C13DDB300A1BFE2;
			remoteInfo = ZombieConga;
		};
/* End PBXContainerItemProxy section */

/* Begin PBXFileReference section */
		FE93A17A1C13DDB300A1BFE2 /* ZombieConga.app */ = {isa = PBXFileReference; explicitFileType = wrapper.application; includeInIndex = 0; path = ZombieConga.app; sourceTree = BUILT_PRODUCTS_DIR; };
		FE93A17D1C13DDB300A1BFE2 /* AppDelegate.swift */ = {isa = PBXFileReference; lastKnownFileType = sourcecode.swift; path = AppDelegate.swift; sourceTree = "<group>"; };
		FE93A17F1C13DDB300A1BFE2 /* GameScene.sks */ = {isa = PBXFileReference; lastKnownFileType = file.sks; path = GameScene.sks; sourceTree = "<group>"; };
		FE93A1811C13DDB300A1BFE2 /* GameScene.swift */ = {isa = PBXFileReference; lastKnownFileType = sourcecode.swift; path = GameScene.swift; sourceTree = "<group>"; };
		FE93A1831C13DDB300A1BFE2 /* GameViewController.swift */ = {isa = PBXFileReference; lastKnownFileType = sourcecode.swift; path = GameViewController.swift; sourceTree = "<group>"; };
		FE93A1861C13DDB300A1BFE2 /* Base */ = {isa = PBXFileReference; lastKnownFileType = file.storyboard; name = Base; path = Base.lproj/Main.storyboard; sourceTree = "<group>"; };
		FE93A1881C13DDB300A1BFE2 /* Assets.xcassets */ = {isa = PBXFileReference; lastKnownFileType = folder.assetcatalog; path = Assets.xcassets; sourceTree = "<group>"; };
		FE93A18B1C13DDB300A1BFE2 /* Base */ = {isa = PBXFileReference; lastKnownFileType = file.storyboard; name = Base; path = Base.lproj/LaunchScreen.storyboard; sourceTree = "<group>"; };
		FE93A18D1C13DDB300A1BFE2 /* Info.plist */ = {isa = PBXFileReference; lastKnownFileType = text.plist.xml; path = Info.plist; sourceTree = "<group>"; };
		FE93A1921C13DDB300A1BFE2 /* ZombieCongaTests.xctest */ = {isa = PBXFileReference; explicitFileType = wrapper.cfbundle; includeInIndex = 0; path = ZombieCongaTests.xctest; sourceTree = BUILT_PRODUCTS_DIR; };
		FE93A1961C13DDB300A1BFE2 /* ZombieCongaTests.swift */ = {isa = PBXFileReference; lastKnownFileType = sourcecode.swift; path = ZombieCongaTests.swift; sourceTree = "<group>"; };
		FE93A1981C13DDB300A1BFE2 /* Info.plist */ = {isa = PBXFileReference; lastKnownFileType = text.plist.xml; path = Info.plist; sourceTree = "<group>"; };
		FE93A19D1C13DDB300A1BFE2 /* ZombieCongaUITests.xctest */ = {isa = PBXFileReference; explicitFileType = wrapper.cfbundle; includeInIndex = 0; path = ZombieCongaUITests.xctest; sourceTree = BUILT_PRODUCTS_DIR; };
		FE93A1A11C13DDB300A1BFE2 /* ZombieCongaUITests.swift */ = {isa = PBXFileReference; lastKnownFileType = sourcecode.swift; path = ZombieCongaUITests.swift; sourceTree = "<group>"; };
		FE93A1A31C13DDB300A1BFE2 /* Info.plist */ = {isa = PBXFileReference; lastKnownFileType = text.plist.xml; path = Info.plist; sourceTree = "<group>"; };
/* End PBXFileReference section */

/* Begin PBXFrameworksBuildPhase section */
		FE93A1771C13DDB300A1BFE2 /* Frameworks */ = {
			isa = PBXFrameworksBuildPhase;
			buildActionMask = 2147483647;
			files = (
			);
			runOnlyForDeploymentPostprocessing = 0;
		};
		FE93A18F1C13DDB300A1BFE2 /* Frameworks */ = {
			isa = PBXFrameworksBuildPhase;
			buildActionMask = 2147483647;
			files = (
			);
			runOnlyForDeploymentPostprocessing = 0;
		};
		FE93A19A1C13DDB300A1BFE2 /* Frameworks */ = {
			isa = PBXFrameworksBuildPhase;
			buildActionMask = 2147483647;
			files = (
			);
			runOnlyForDeploymentPostprocessing = 0;
		};
/* End PBXFrameworksBuildPhase section */

/* Begin PBXGroup section */
		FE93A1711C13DDB300A1BFE2 = {
			isa = PBXGroup;
			children = (
				FE93A17C1C13DDB300A1BFE2 /* ZombieConga */,
				FE93A1951C13DDB300A1BFE2 /* ZombieCongaTests */,
				FE93A1A01C13DDB300A1BFE2 /* ZombieCongaUITests */,
				FE93A17B1C13DDB300A1BFE2 /* Products */,
			);
			sourceTree = "<group>";
		};
		FE93A17B1C13DDB300A1BFE2 /* Products */ = {
			isa = PBXGroup;
			children = (
				FE93A17A1C13DDB300A1BFE2 /* ZombieConga.app */,
				FE93A1921C13DDB300A1BFE2 /* ZombieCongaTests.xctest */,
				FE93A19D1C13DDB300A1BFE2 /* ZombieCongaUITests.xctest */,
			);
			name = Products;
			sourceTree = "<group>";
		};
		FE93A17C1C13DDB300A1BFE2 /* ZombieConga */ = {
			isa = PBXGroup;
			children = (
				FE93A17D1C13DDB300A1BFE2 /* AppDelegate.swift */,
				FE93A17F1C13DDB300A1BFE2 /* GameScene.sks */,
				FE93A1811C13DDB300A1BFE2 /* GameScene.swift */,
				FE93A1831C13DDB300A1BFE2 /* GameViewController.swift */,
				FE93A1851C13DDB300A1BFE2 /* Main.storyboard */,
				FE93A1881C13DDB300A1BFE2 /* Assets.xcassets */,
				FE93A18A1C13DDB300A1BFE2 /* LaunchScreen.storyboard */,
				FE93A18D1C13DDB300A1BFE2 /* Info.plist */,
			);
			path = ZombieConga;
			sourceTree = "<group>";
		};
		FE93A1951C13DDB300A1BFE2 /* ZombieCongaTests */ = {
			isa = PBXGroup;
			children = (
				FE93A1961C13DDB300A1BFE2 /* ZombieCongaTests.swift */,
				FE93A1981C13DDB300A1BFE2 /* Info.plist */,
			);
			path = ZombieCongaTests;
			sourceTree = "<group>";
		};
		FE93A1A01C13DDB300A1BFE2 /* ZombieCongaUITests */ = {
			isa = PBXGroup;
			children = (
				FE93A1A11C13DDB300A1BFE2 /* ZombieCongaUITests.swift */,
				FE93A1A31C13DDB300A1BFE2 /* Info.plist */,
			);
			path = ZombieCongaUITests;
			sourceTree = "<group>";
		};
/* End PBXGroup section */

/* Begin PBXNativeTarget section */
		FE93A1791C13DDB300A1BFE2 /* ZombieConga */ = {
			isa = PBXNativeTarget;
			buildConfigurationList = FE93A1A61C13DDB300A1BFE2 /* Build configuration list for PBXNativeTarget "ZombieConga" */;
			buildPhases = (
				FE93A1761C13DDB300A1BFE2 /* Sources */,
				FE93A1771C13DDB300A1BFE2 /* Frameworks */,
				FE93A1781C13DDB300A1BFE2 /* Resources */,
			);
			buildRules = (
			);
			dependencies = (
			);
			name = ZombieConga;
			productName = ZombieConga;
			productReference = FE93A17A1C13DDB300A1BFE2 /* ZombieConga.app */;
			productType = "com.apple.product-type.application";
		};
		FE93A1911C13DDB300A1BFE2 /* ZombieCongaTests */ = {
			isa = PBXNativeTarget;
			buildConfigurationList = FE93A1A91C13DDB300A1BFE2 /* Build configuration list for PBXNativeTarget "ZombieCongaTests" */;
			buildPhases = (
				FE93A18E1C13DDB300A1BFE2 /* Sources */,
				FE93A18F1C13DDB300A1BFE2 /* Frameworks */,
				FE93A1901C13DDB300A1BFE2 /* Resources */,
			);
			buildRules = (
			);
			dependencies = (
				FE93A1941C13DDB300A1BFE2 /* PBXTargetDependency */,
			);
			name = ZombieCongaTests;
			productName = ZombieCongaTests;
			productReference = FE93A1921C13DDB300A1BFE2 /* ZombieCongaTests.xctest */;
			productType = "com.apple.product-type.bundle.unit-test";
		};
		FE93A19C1C13DDB300A1BFE2 /* ZombieCongaUITests */ = {
			isa = PBXNativeTarget;
			buildConfigurationList = FE93A1AC1C13DDB300A1BFE2 /* Build configuration list for PBXNativeTarget "ZombieCongaUITests" */;
			buildPhases = (
				FE93A1991C13DDB300A1BFE2 /* Sources */,
				FE93A19A1C13DDB300A1BFE2 /* Frameworks */,
				FE93A19B1C13DDB300A1BFE2 /* Resources */,
			);
			buildRules = (
			);
			dependencies = (
				FE93A19F1C13DDB300A1BFE2 /* PBXTargetDependency */,
			);
			name = ZombieCongaUITests;
			productName = ZombieCongaUITests;
			productReference = FE93A19D1C13DDB300A1BFE2 /* ZombieCongaUITests.xctest */;
			productType = "com.apple.product-type.bundle.ui-testing";
		};
/* End PBXNativeTarget section */

/* Begin PBXProject section */
		FE93A1721C13DDB300A1BFE2 /* Project object */ = {
			isa = PBXProject;
			attributes = {
				LastSwiftUpdateCheck = 0710;
				LastUpgradeCheck = 0710;
				ORGANIZATIONNAME = "RAHUL SINHA";
				TargetAttributes = {
					FE93A1791C13DDB300A1BFE2 = {
						CreatedOnToolsVersion = 7.1.1;
						DevelopmentTeam = 265TQD23D2;
					};
					FE93A1911C13DDB300A1BFE2 = {
						CreatedOnToolsVersion = 7.1.1;
						DevelopmentTeam = 265TQD23D2;
						TestTargetID = FE93A1791C13DDB300A1BFE2;
					};
					FE93A19C1C13DDB300A1BFE2 = {
						CreatedOnToolsVersion = 7.1.1;
						DevelopmentTeam = 265TQD23D2;
						TestTargetID = FE93A1791C13DDB300A1BFE2;
					};
				};
			};
			buildConfigurationList = FE93A1751C13DDB300A1BFE2 /* Build configuration list for PBXProject "ZombieConga" */;
			compatibilityVersion = "Xcode 3.2";
			developmentRegion = English;
			hasScannedForEncodings = 0;
			knownRegions = (
				en,
				Base,
			);
			mainGroup = FE93A1711C13DDB300A1BFE2;
			productRefGroup = FE93A17B1C13DDB300A1BFE2 /* Products */;
			projectDirPath = "";
			projectRoot = "";
			targets = (
				FE93A1791C13DDB300A1BFE2 /* ZombieConga */,
				FE93A1911C13DDB300A1BFE2 /* ZombieCongaTests */,
				FE93A19C1C13DDB300A1BFE2 /* ZombieCongaUITests */,
			);
		};
/* End PBXProject section */

/* Begin PBXResourcesBuildPhase section */
		FE93A1781C13DDB300A1BFE2 /* Resources */ = {
			isa = PBXResourcesBuildPhase;
			buildActionMask = 2147483647;
			files = (
				FE93A1801C13DDB300A1BFE2 /* GameScene.sks in Resources */,
				FE93A18C1C13DDB300A1BFE2 /* LaunchScreen.storyboard in Resources */,
				FE93A1891C13DDB300A1BFE2 /* Assets.xcassets in Resources */,
				FE93A1871C13DDB300A1BFE2 /* Main.storyboard in Resources */,
			);
			runOnlyForDeploymentPostprocessing = 0;
		};
		FE93A1901C13DDB300A1BFE2 /* Resources */ = {
			isa = PBXResourcesBuildPhase;
			buildActionMask = 2147483647;
			files = (
			);
			runOnlyForDeploymentPostprocessing = 0;
		};
		FE93A19B1C13DDB300A1BFE2 /* Resources */ = {
			isa = PBXResourcesBuildPhase;
			buildActionMask = 2147483647;
			files = (
			);
			runOnlyForDeploymentPostprocessing = 0;
		};
/* End PBXResourcesBuildPhase section */

/* Begin PBXSourcesBuildPhase section */
		FE93A1761C13DDB300A1BFE2 /* Sources */ = {
			isa = PBXSourcesBuildPhase;
			buildActionMask = 2147483647;
			files = (
				FE93A1821C13DDB300A1BFE2 /* GameScene.swift in Sources */,
				FE93A1841C13DDB300A1BFE2 /* GameViewController.swift in Sources */,
				FE93A17E1C13DDB300A1BFE2 /* AppDelegate.swift in Sources */,
			);
			runOnlyForDeploymentPostprocessing = 0;
		};
		FE93A18E1C13DDB300A1BFE2 /* Sources */ = {
			isa = PBXSourcesBuildPhase;
			buildActionMask = 2147483647;
			files = (
				FE93A1971C13DDB300A1BFE2 /* ZombieCongaTests.swift in Sources */,
			);
			runOnlyForDeploymentPostprocessing = 0;
		};
		FE93A1991C13DDB300A1BFE2 /* Sources */ = {
			isa = PBXSourcesBuildPhase;
			buildActionMask = 2147483647;
			files = (
				FE93A1A21C13DDB300A1BFE2 /* ZombieCongaUITests.swift in Sources */,
			);
			runOnlyForDeploymentPostprocessing = 0;
		};
/* End PBXSourcesBuildPhase section */

/* Begin PBXTargetDependency section */
		FE93A1941C13DDB300A1BFE2 /* PBXTargetDependency */ = {
			isa = PBXTargetDependency;
			target = FE93A1791C13DDB300A1BFE2 /* ZombieConga */;
			targetProxy = FE93A1931C13DDB300A1BFE2 /* PBXContainerItemProxy */;
		};
		FE93A19F1C13DDB300A1BFE2 /* PBXTargetDependency */ = {
			isa = PBXTargetDependency;
			target = FE93A1791C13DDB300A1BFE2 /* ZombieConga */;
			targetProxy = FE93A19E1C13DDB300A1BFE2 /* PBXContainerItemProxy */;
		};
/* End PBXTargetDependency section */

/* Begin PBXVariantGroup section */
		FE93A1851C13DDB300A1BFE2 /* Main.storyboard */ = {
			isa = PBXVariantGroup;
			children = (
				FE93A1861C13DDB300A1BFE2 /* Base */,
			);
			name = Main.storyboard;
			sourceTree = "<group>";
		};
		FE93A18A1C13DDB300A1BFE2 /* LaunchScreen.storyboard */ = {
			isa = PBXVariantGroup;
			children = (
				FE93A18B1C13DDB300A1BFE2 /* Base */,
			);
			name = LaunchScreen.storyboard;
			sourceTree = "<group>";
		};
/* End PBXVariantGroup section */

/* Begin XCBuildConfiguration section */
		FE93A1A41C13DDB300A1BFE2 /* Debug */ = {
			isa = XCBuildConfiguration;
			buildSettings = {
				ALWAYS_SEARCH_USER_PATHS = NO;
				CLANG_CXX_LANGUAGE_STANDARD = "gnu++0x";
				CLANG_CXX_LIBRARY = "libc++";
				CLANG_ENABLE_MODULES = YES;
				CLANG_ENABLE_OBJC_ARC = YES;
				CLANG_WARN_BOOL_CONVERSION = YES;
				CLANG_WARN_CONSTANT_CONVERSION = YES;
				CLANG_WARN_DIRECT_OBJC_ISA_USAGE = YES_ERROR;
				CLANG_WARN_EMPTY_BODY = YES;
				CLANG_WARN_ENUM_CONVERSION = YES;
				CLANG_WARN_INT_CONVERSION = YES;
				CLANG_WARN_OBJC_ROOT_CLASS = YES_ERROR;
				CLANG_WARN_UNREACHABLE_CODE = YES;
				CLANG_WARN__DUPLICATE_METHOD_MATCH = YES;
				"CODE_SIGN_IDENTITY[sdk=iphoneos*]" = "iPhone Developer";
				COPY_PHASE_STRIP = NO;
				DEBUG_INFORMATION_FORMAT = "dwarf-with-dsym";
				ENABLE_STRICT_OBJC_MSGSEND = YES;
				ENABLE_TESTABILITY = YES;
				GCC_C_LANGUAGE_STANDARD = gnu99;
				GCC_DYNAMIC_NO_PIC = NO;
				GCC_NO_COMMON_BLOCKS = YES;
				GCC_OPTIMIZATION_LEVEL = 0;
				GCC_PREPROCESSOR_DEFINITIONS = (
					"DEBUG=1",
					"$(inherited)",
				);
				GCC_WARN_64_TO_32_BIT_CONVERSION = YES;
				GCC_WARN_ABOUT_RETURN_TYPE = YES_ERROR;
				GCC_WARN_UNDECLARED_SELECTOR = YES;
				GCC_WARN_UNINITIALIZED_AUTOS = YES_AGGRESSIVE;
				GCC_WARN_UNUSED_FUNCTION = YES;
				GCC_WARN_UNUSED_VARIABLE = YES;
				IPHONEOS_DEPLOYMENT_TARGET = 9.1;
				MTL_ENABLE_DEBUG_INFO = YES;
				ONLY_ACTIVE_ARCH = YES;
				SDKROOT = iphoneos;
				SWIFT_OPTIMIZATION_LEVEL = "-Onone";
				TARGETED_DEVICE_FAMILY = "1,2";
			};
			name = Debug;
		};
		FE93A1A51C13DDB300A1BFE2 /* Release */ = {
			isa = XCBuildConfiguration;
			buildSettings = {
				ALWAYS_SEARCH_USER_PATHS = NO;
				CLANG_CXX_LANGUAGE_STANDARD = "gnu++0x";
				CLANG_CXX_LIBRARY = "libc++";
				CLANG_ENABLE_MODULES = YES;
				CLANG_ENABLE_OBJC_ARC = YES;
				CLANG_WARN_BOOL_CONVERSION = YES;
				CLANG_WARN_CONSTANT_CONVERSION = YES;
				CLANG_WARN_DIRECT_OBJC_ISA_USAGE = YES_ERROR;
				CLANG_WARN_EMPTY_BODY = YES;
				CLANG_WARN_ENUM_CONVERSION = YES;
				CLANG_WARN_INT_CONVERSION = YES;
				CLANG_WARN_OBJC_ROOT_CLASS = YES_ERROR;
				CLANG_WARN_UNREACHABLE_CODE = YES;
				CLANG_WARN__DUPLICATE_METHOD_MATCH = YES;
				"CODE_SIGN_IDENTITY[sdk=iphoneos*]" = "iPhone Developer";
				COPY_PHASE_STRIP = NO;
				DEBUG_INFORMATION_FORMAT = "dwarf-with-dsym";
				ENABLE_NS_ASSERTIONS = NO;
				ENABLE_STRICT_OBJC_MSGSEND = YES;
				GCC_C_LANGUAGE_STANDARD = gnu99;
				GCC_NO_COMMON_BLOCKS = YES;
				GCC_WARN_64_TO_32_BIT_CONVERSION = YES;
				GCC_WARN_ABOUT_RETURN_TYPE = YES_ERROR;
				GCC_WARN_UNDECLARED_SELECTOR = YES;
				GCC_WARN_UNINITIALIZED_AUTOS = YES_AGGRESSIVE;
				GCC_WARN_UNUSED_FUNCTION = YES;
				GCC_WARN_UNUSED_VARIABLE = YES;
				IPHONEOS_DEPLOYMENT_TARGET = 9.1;
				MTL_ENABLE_DEBUG_INFO = NO;
				SDKROOT = iphoneos;
				TARGETED_DEVICE_FAMILY = "1,2";
				VALIDATE_PRODUCT = YES;
			};
			name = Release;
		};
		FE93A1A71C13DDB300A1BFE2 /* Debug */ = {
			isa = XCBuildConfiguration;
			buildSettings = {
				ASSETCATALOG_COMPILER_APPICON_NAME = AppIcon;
				INFOPLIST_FILE = ZombieConga/Info.plist;
				LD_RUNPATH_SEARCH_PATHS = "$(inherited) @executable_path/Frameworks";
				PRODUCT_BUNDLE_IDENTIFIER = rs.ZombieConga;
				PRODUCT_NAME = "$(TARGET_NAME)";
			};
			name = Debug;
		};
		FE93A1A81C13DDB300A1BFE2 /* Release */ = {
			isa = XCBuildConfiguration;
			buildSettings = {
				ASSETCATALOG_COMPILER_APPICON_NAME = AppIcon;
				INFOPLIST_FILE = ZombieConga/Info.plist;
				LD_RUNPATH_SEARCH_PATHS = "$(inherited) @executable_path/Frameworks";
				PRODUCT_BUNDLE_IDENTIFIER = rs.ZombieConga;
				PRODUCT_NAME = "$(TARGET_NAME)";
			};
			name = Release;
		};
		FE93A1AA1C13DDB300A1BFE2 /* Debug */ = {
			isa = XCBuildConfiguration;
			buildSettings = {
				BUNDLE_LOADER = "$(TEST_HOST)";
				DEBUG_INFORMATION_FORMAT = dwarf;
				INFOPLIST_FILE = ZombieCongaTests/Info.plist;
				LD_RUNPATH_SEARCH_PATHS = "$(inherited) @executable_path/Frameworks @loader_path/Frameworks";
				PRODUCT_BUNDLE_IDENTIFIER = rs.ZombieCongaTests;
				PRODUCT_NAME = "$(TARGET_NAME)";
				TEST_HOST = "$(BUILT_PRODUCTS_DIR)/ZombieConga.app/ZombieConga";
			};
			name = Debug;
		};
		FE93A1AB1C13DDB300A1BFE2 /* Release */ = {
			isa = XCBuildConfiguration;
			buildSettings = {
				BUNDLE_LOADER = "$(TEST_HOST)";
				INFOPLIST_FILE = ZombieCongaTests/Info.plist;
				LD_RUNPATH_SEARCH_PATHS = "$(inherited) @executable_path/Frameworks @loader_path/Frameworks";
				PRODUCT_BUNDLE_IDENTIFIER = rs.ZombieCongaTests;
				PRODUCT_NAME = "$(TARGET_NAME)";
				TEST_HOST = "$(BUILT_PRODUCTS_DIR)/ZombieConga.app/ZombieConga";
			};
			name = Release;
		};
		FE93A1AD1C13DDB300A1BFE2 /* Debug */ = {
			isa = XCBuildConfiguration;
			buildSettings = {
				DEBUG_INFORMATION_FORMAT = dwarf;
				INFOPLIST_FILE = ZombieCongaUITests/Info.plist;
				LD_RUNPATH_SEARCH_PATHS = "$(inherited) @executable_path/Frameworks @loader_path/Frameworks";
				PRODUCT_BUNDLE_IDENTIFIER = rs.ZombieCongaUITests;
				PRODUCT_NAME = "$(TARGET_NAME)";
				TEST_TARGET_NAME = ZombieConga;
				USES_XCTRUNNER = YES;
			};
			name = Debug;
		};
		FE93A1AE1C13DDB300A1BFE2 /* Release */ = {
			isa = XCBuildConfiguration;
			buildSettings = {
				INFOPLIST_FILE = ZombieCongaUITests/Info.plist;
				LD_RUNPATH_SEARCH_PATHS = "$(inherited) @executable_path/Frameworks @loader_path/Frameworks";
				PRODUCT_BUNDLE_IDENTIFIER = rs.ZombieCongaUITests;
				PRODUCT_NAME = "$(TARGET_NAME)";
				TEST_TARGET_NAME = ZombieConga;
				USES_XCTRUNNER = YES;
			};
			name = Release;
		};
/* End XCBuildConfiguration section */

/* Begin XCConfigurationList section */
		FE93A1751C13DDB300A1BFE2 /* Build configuration list for PBXProject "ZombieConga" */ = {
			isa = XCConfigurationList;
			buildConfigurations = (
				FE93A1A41C13DDB300A1BFE2 /* Debug */,
				FE93A1A51C13DDB300A1BFE2 /* Release */,
			);
			defaultConfigurationIsVisible = 0;
			defaultConfigurationName = Release;
		};
		FE93A1A61C13DDB300A1BFE2 /* Build configuration list for PBXNativeTarget "ZombieConga" */ = {
			isa = XCConfigurationList;
			buildConfigurations = (
				FE93A1A71C13DDB300A1BFE2 /* Debug */,
				FE93A1A81C13DDB300A1BFE2 /* Release */,
			);
			defaultConfigurationIsVisible = 0;
		};
		FE93A1A91C13DDB300A1BFE2 /* Build configuration list for PBXNativeTarget "ZombieCongaTests" */ = {
			isa = XCConfigurationList;
			buildConfigurations = (
				FE93A1AA1C13DDB300A1BFE2 /* Debug */,
				FE93A1AB1C13DDB300A1BFE2 /* Release */,
			);
			defaultConfigurationIsVisible = 0;
		};
		FE93A1AC1C13DDB300A1BFE2 /* Build configuration list for PBXNativeTarget "ZombieCongaUITests" */ = {
			isa = XCConfigurationList;
			buildConfigurations = (
				FE93A1AD1C13DDB300A1BFE2 /* Debug */,
				FE93A1AE1C13DDB300A1BFE2 /* Release */,
			);
			defaultConfigurationIsVisible = 0;
		};
/* End XCConfigurationList section */
	};
	rootObject = FE93A1721C13DDB300A1BFE2 /* Project object */;
}
